
Microsoft Visual Studio Solution File, Format Version 12.00
# Visual Studio Version 17
VisualStudioVersion = 17.8.34330.188
MinimumVisualStudioVersion = 10.0.40219.1
Project("{9A19103F-16F7-4668-BE54-9A1E7A4F7556}") = "api.v1.main", "api.v1.main\api.v1.main.csproj", "{95ACEA27-5BAC-4C74-AD65-0904DF00794D}"
EndProject
Project("{9A19103F-16F7-4668-BE54-9A1E7A4F7556}") = "component.v1.exceptions", "component.v1.exceptions\component.v1.exceptions.csproj", "{9C1A3373-F027-40FF-A10F-1A78E1E3AD5E}"
EndProject
Project("{9A19103F-16F7-4668-BE54-9A1E7A4F7556}") = "db.v1.main", "db.v1.main\db.v1.main.csproj", "{20419E83-801A-4DA7-B489-550344CA6649}"
EndProject
Project("{9A19103F-16F7-4668-BE54-9A1E7A4F7556}") = "service.v1.configuration", "service.v1.configuration\service.v1.configuration.csproj", "{7E9311C0-1615-4973-B48C-A678DC3BEAE0}"
EndProject
Project("{9A19103F-16F7-4668-BE54-9A1E7A4F7556}") = "service.v1.email", "service.v1.email\service.v1.email.csproj", "{19F07C22-9341-4501-AA2D-D0D21DFD4B31}"
EndProject
Project("{9A19103F-16F7-4668-BE54-9A1E7A4F7556}") = "service.v1.jwt", "service.v1.jwt\service.v1.jwt.csproj", "{06081C17-46A1-4CD9-93F8-52F607B24910}"
EndProject
Project("{9A19103F-16F7-4668-BE54-9A1E7A4F7556}") = "service.v1.minio", "service.v1.minio\service.v1.minio.csproj", "{DADD83B6-D16C-4B3F-83EB-023AD63887E2}"
EndProject
Project("{9A19103F-16F7-4668-BE54-9A1E7A4F7556}") = "service.v1.security", "service.v1.security\service.v1.security.csproj", "{59B48097-12E9-4CDE-A385-A3F2B9AF320A}"
EndProject
Project("{9A19103F-16F7-4668-BE54-9A1E7A4F7556}") = "service.v1.time", "service.v1.timestamp\service.v1.time.csproj", "{E4783944-7890-4A95-AD0C-FEA2855B4730}"
EndProject
Project("{9A19103F-16F7-4668-BE54-9A1E7A4F7556}") = "service.v1.validation", "service.v1.validation\service.v1.validation.csproj", "{46250A71-BAC5-4390-B581-E03D003B4EE1}"
EndProject
Project("{FAE04EC0-301F-11D3-BF4B-00C04F79EFBC}") = "misc.unit-tests", "misc.unit-tests\misc.unit-tests.csproj", "{332D0C53-CF4B-47A9-B16E-F5A427022535}"
EndProject
Project("{FAE04EC0-301F-11D3-BF4B-00C04F79EFBC}") = "misc.benchmarks", "misc.benchmarks\misc.benchmarks.csproj", "{8FF978EB-78F5-4140-8EAA-1501D04504BA}"
EndProject
Global
	GlobalSection(SolutionConfigurationPlatforms) = preSolution
		Debug|Any CPU = Debug|Any CPU
		Release|Any CPU = Release|Any CPU
	EndGlobalSection
	GlobalSection(ProjectConfigurationPlatforms) = postSolution
		{95ACEA27-5BAC-4C74-AD65-0904DF00794D}.Debug|Any CPU.ActiveCfg = Debug|Any CPU
		{95ACEA27-5BAC-4C74-AD65-0904DF00794D}.Debug|Any CPU.Build.0 = Debug|Any CPU
		{95ACEA27-5BAC-4C74-AD65-0904DF00794D}.Release|Any CPU.ActiveCfg = Release|Any CPU
		{95ACEA27-5BAC-4C74-AD65-0904DF00794D}.Release|Any CPU.Build.0 = Release|Any CPU
		{9C1A3373-F027-40FF-A10F-1A78E1E3AD5E}.Debug|Any CPU.ActiveCfg = Debug|Any CPU
		{9C1A3373-F027-40FF-A10F-1A78E1E3AD5E}.Debug|Any CPU.Build.0 = Debug|Any CPU
		{9C1A3373-F027-40FF-A10F-1A78E1E3AD5E}.Release|Any CPU.ActiveCfg = Release|Any CPU
		{9C1A3373-F027-40FF-A10F-1A78E1E3AD5E}.Release|Any CPU.Build.0 = Release|Any CPU
		{20419E83-801A-4DA7-B489-550344CA6649}.Debug|Any CPU.ActiveCfg = Debug|Any CPU
		{20419E83-801A-4DA7-B489-550344CA6649}.Debug|Any CPU.Build.0 = Debug|Any CPU
		{20419E83-801A-4DA7-B489-550344CA6649}.Release|Any CPU.ActiveCfg = Release|Any CPU
		{20419E83-801A-4DA7-B489-550344CA6649}.Release|Any CPU.Build.0 = Release|Any CPU
		{7E9311C0-1615-4973-B48C-A678DC3BEAE0}.Debug|Any CPU.ActiveCfg = Debug|Any CPU
		{7E9311C0-1615-4973-B48C-A678DC3BEAE0}.Debug|Any CPU.Build.0 = Debug|Any CPU
		{7E9311C0-1615-4973-B48C-A678DC3BEAE0}.Release|Any CPU.ActiveCfg = Release|Any CPU
		{7E9311C0-1615-4973-B48C-A678DC3BEAE0}.Release|Any CPU.Build.0 = Release|Any CPU
		{19F07C22-9341-4501-AA2D-D0D21DFD4B31}.Debug|Any CPU.ActiveCfg = Debug|Any CPU
		{19F07C22-9341-4501-AA2D-D0D21DFD4B31}.Debug|Any CPU.Build.0 = Debug|Any CPU
		{19F07C22-9341-4501-AA2D-D0D21DFD4B31}.Release|Any CPU.ActiveCfg = Release|Any CPU
		{19F07C22-9341-4501-AA2D-D0D21DFD4B31}.Release|Any CPU.Build.0 = Release|Any CPU
		{06081C17-46A1-4CD9-93F8-52F607B24910}.Debug|Any CPU.ActiveCfg = Debug|Any CPU
		{06081C17-46A1-4CD9-93F8-52F607B24910}.Debug|Any CPU.Build.0 = Debug|Any CPU
		{06081C17-46A1-4CD9-93F8-52F607B24910}.Release|Any CPU.ActiveCfg = Release|Any CPU
		{06081C17-46A1-4CD9-93F8-52F607B24910}.Release|Any CPU.Build.0 = Release|Any CPU
		{DADD83B6-D16C-4B3F-83EB-023AD63887E2}.Debug|Any CPU.ActiveCfg = Debug|Any CPU
		{DADD83B6-D16C-4B3F-83EB-023AD63887E2}.Debug|Any CPU.Build.0 = Debug|Any CPU
		{DADD83B6-D16C-4B3F-83EB-023AD63887E2}.Release|Any CPU.ActiveCfg = Release|Any CPU
		{DADD83B6-D16C-4B3F-83EB-023AD63887E2}.Release|Any CPU.Build.0 = Release|Any CPU
		{59B48097-12E9-4CDE-A385-A3F2B9AF320A}.Debug|Any CPU.ActiveCfg = Debug|Any CPU
		{59B48097-12E9-4CDE-A385-A3F2B9AF320A}.Debug|Any CPU.Build.0 = Debug|Any CPU
		{59B48097-12E9-4CDE-A385-A3F2B9AF320A}.Release|Any CPU.ActiveCfg = Release|Any CPU
		{59B48097-12E9-4CDE-A385-A3F2B9AF320A}.Release|Any CPU.Build.0 = Release|Any CPU
		{E4783944-7890-4A95-AD0C-FEA2855B4730}.Debug|Any CPU.ActiveCfg = Debug|Any CPU
		{E4783944-7890-4A95-AD0C-FEA2855B4730}.Debug|Any CPU.Build.0 = Debug|Any CPU
		{E4783944-7890-4A95-AD0C-FEA2855B4730}.Release|Any CPU.ActiveCfg = Release|Any CPU
		{E4783944-7890-4A95-AD0C-FEA2855B4730}.Release|Any CPU.Build.0 = Release|Any CPU
		{46250A71-BAC5-4390-B581-E03D003B4EE1}.Debug|Any CPU.ActiveCfg = Debug|Any CPU
		{46250A71-BAC5-4390-B581-E03D003B4EE1}.Debug|Any CPU.Build.0 = Debug|Any CPU
		{46250A71-BAC5-4390-B581-E03D003B4EE1}.Release|Any CPU.ActiveCfg = Release|Any CPU
		{46250A71-BAC5-4390-B581-E03D003B4EE1}.Release|Any CPU.Build.0 = Release|Any CPU
		{332D0C53-CF4B-47A9-B16E-F5A427022535}.Debug|Any CPU.ActiveCfg = Debug|Any CPU
		{332D0C53-CF4B-47A9-B16E-F5A427022535}.Debug|Any CPU.Build.0 = Debug|Any CPU
		{332D0C53-CF4B-47A9-B16E-F5A427022535}.Release|Any CPU.ActiveCfg = Release|Any CPU
		{332D0C53-CF4B-47A9-B16E-F5A427022535}.Release|Any CPU.Build.0 = Release|Any CPU
		{8FF978EB-78F5-4140-8EAA-1501D04504BA}.Debug|Any CPU.ActiveCfg = Debug|Any CPU
		{8FF978EB-78F5-4140-8EAA-1501D04504BA}.Debug|Any CPU.Build.0 = Debug|Any CPU
		{8FF978EB-78F5-4140-8EAA-1501D04504BA}.Release|Any CPU.ActiveCfg = Release|Any CPU
		{8FF978EB-78F5-4140-8EAA-1501D04504BA}.Release|Any CPU.Build.0 = Release|Any CPU
	EndGlobalSection
	GlobalSection(SolutionProperties) = preSolution
		HideSolutionNode = FALSE
	EndGlobalSection
	GlobalSection(ExtensibilityGlobals) = postSolution
		SolutionGuid = {743AFE89-8FC0-4C75-8A35-281A9BCEC38E}
	EndGlobalSection
EndGlobal
