
Microsoft Visual Studio Solution File, Format Version 12.00
# Visual Studio Version 17
VisualStudioVersion = 17.9.34622.214
MinimumVisualStudioVersion = 10.0.40219.1
Project("{9A19103F-16F7-4668-BE54-9A1E7A4F7556}") = "misc.benchmarks", "misc.benchmarks\misc.benchmarks.csproj", "{DF3BAAAB-B645-498A-892A-C45E5D4EF2CE}"
EndProject
Project("{9A19103F-16F7-4668-BE54-9A1E7A4F7556}") = "misc.unit-tests", "misc.unit-tests\misc.unit-tests.csproj", "{0F57A3F4-4456-4F50-8F1E-1F2517ECAC4D}"
EndProject
Global
	GlobalSection(SolutionConfigurationPlatforms) = preSolution
		Debug|Any CPU = Debug|Any CPU
		Release|Any CPU = Release|Any CPU
	EndGlobalSection
	GlobalSection(ProjectConfigurationPlatforms) = postSolution
		{DF3BAAAB-B645-498A-892A-C45E5D4EF2CE}.Debug|Any CPU.ActiveCfg = Debug|Any CPU
		{DF3BAAAB-B645-498A-892A-C45E5D4EF2CE}.Debug|Any CPU.Build.0 = Debug|Any CPU
		{DF3BAAAB-B645-498A-892A-C45E5D4EF2CE}.Release|Any CPU.ActiveCfg = Release|Any CPU
		{DF3BAAAB-B645-498A-892A-C45E5D4EF2CE}.Release|Any CPU.Build.0 = Release|Any CPU
		{0F57A3F4-4456-4F50-8F1E-1F2517ECAC4D}.Debug|Any CPU.ActiveCfg = Debug|Any CPU
		{0F57A3F4-4456-4F50-8F1E-1F2517ECAC4D}.Debug|Any CPU.Build.0 = Debug|Any CPU
		{0F57A3F4-4456-4F50-8F1E-1F2517ECAC4D}.Release|Any CPU.ActiveCfg = Release|Any CPU
		{0F57A3F4-4456-4F50-8F1E-1F2517ECAC4D}.Release|Any CPU.Build.0 = Release|Any CPU
	EndGlobalSection
	GlobalSection(SolutionProperties) = preSolution
		HideSolutionNode = FALSE
	EndGlobalSection
EndGlobal
